{
  "requires": true,
  "lockfileVersion": 1,
  "dependencies": {
    "@github/task-lists-element": {
      "version": "1.0.7",
      "resolved": "https://registry.npmjs.org/@github/task-lists-element/-/task-lists-element-1.0.7.tgz",
      "integrity": "sha512-TtWBzre0fzfoucQKiG+KGbnwgqdm9tUpplUK5/n2XdIOHNi44KJY1oQr6vksK/b+yN8AeJTUpyITqxPsd000Xg=="
    }
  }
}
